// !$*UTF8*$!
{
	archiveVersion = 1;
	classes = {
	};
	objectVersion = 56;
	objects = {

/* Begin PBXBuildFile section */
		FBB092562D848267006AB637 /* ContentView.swift in Sources */ = {isa = PBXBuildFile; fileRef = FBB092552D848267006AB637 /* ContentView.swift */; };
		FBB092582D848267006AB637 /* Assets.xcassets in Resources */ = {isa = PBXBuildFile; fileRef = FBB092572D848267006AB637 /* Assets.xcassets */; };
		FBB0925B2D848267006AB637 /* Preview Assets.xcassets in Resources */ = {isa = PBXBuildFile; fileRef = FBB0925A2D848267006AB637 /* Preview Assets.xcassets */; };
		FBB092642D8483D6006AB637 /* serie_informacion.swift in Sources */ = {isa = PBXBuildFile; fileRef = FBB092632D8483D6006AB637 /* serie_informacion.swift */; };
		FBB092662D848B19006AB637 /* vista_modelo_basico.swift in Sources */ = {isa = PBXBuildFile; fileRef = FBB092652D848B19006AB637 /* vista_modelo_basico.swift */; };
		FBB092682D848CA4006AB637 /* primera_pantalla.swift in Sources */ = {isa = PBXBuildFile; fileRef = FBB092672D848CA4006AB637 /* primera_pantalla.swift */; };
		FBB7B5802D8B1C030002286F /* agregar_serie.swift in Sources */ = {isa = PBXBuildFile; fileRef = FBB7B57F2D8B1C030002286F /* agregar_serie.swift */; };
		FBB7B5822D8B2AE60002286F /* estados_de_la_aplicacion.swift in Sources */ = {isa = PBXBuildFile; fileRef = FBB7B5812D8B2AE60002286F /* estados_de_la_aplicacion.swift */; };
/* End PBXBuildFile section */

/* Begin PBXFileReference section */
		FBB092502D848266006AB637 /* mvvm.app */ = {isa = PBXFileReference; explicitFileType = wrapper.application; includeInIndex = 0; path = mvvm.app; sourceTree = BUILT_PRODUCTS_DIR; };
		FBB092552D848267006AB637 /* ContentView.swift */ = {isa = PBXFileReference; lastKnownFileType = sourcecode.swift; path = ContentView.swift; sourceTree = "<group>"; };
		FBB092572D848267006AB637 /* Assets.xcassets */ = {isa = PBXFileReference; lastKnownFileType = folder.assetcatalog; path = Assets.xcassets; sourceTree = "<group>"; };
		FBB0925A2D848267006AB637 /* Preview Assets.xcassets */ = {isa = PBXFileReference; lastKnownFileType = folder.assetcatalog; path = "Preview Assets.xcassets"; sourceTree = "<group>"; };
		FBB092632D8483D6006AB637 /* serie_informacion.swift */ = {isa = PBXFileReference; lastKnownFileType = sourcecode.swift; path = serie_informacion.swift; sourceTree = "<group>"; };
		FBB092652D848B19006AB637 /* vista_modelo_basico.swift */ = {isa = PBXFileReference; lastKnownFileType = sourcecode.swift; path = vista_modelo_basico.swift; sourceTree = "<group>"; };
		FBB092672D848CA4006AB637 /* primera_pantalla.swift */ = {isa = PBXFileReference; lastKnownFileType = sourcecode.swift; path = primera_pantalla.swift; sourceTree = "<group>"; };
		FBB7B57F2D8B1C030002286F /* agregar_serie.swift */ = {isa = PBXFileReference; lastKnownFileType = sourcecode.swift; path = agregar_serie.swift; sourceTree = "<group>"; };
		FBB7B5812D8B2AE60002286F /* estados_de_la_aplicacion.swift */ = {isa = PBXFileReference; lastKnownFileType = sourcecode.swift; path = estados_de_la_aplicacion.swift; sourceTree = "<group>"; };
/* End PBXFileReference section */

/* Begin PBXFrameworksBuildPhase section */
		FBB0924D2D848266006AB637 /* Frameworks */ = {
			isa = PBXFrameworksBuildPhase;
			buildActionMask = 2147483647;
			files = (
			);
			runOnlyForDeploymentPostprocessing = 0;
		};
/* End PBXFrameworksBuildPhase section */

/* Begin PBXGroup section */
		FBB092472D848266006AB637 = {
			isa = PBXGroup;
			children = (
				FBB092522D848266006AB637 /* mvvm */,
				FBB092512D848266006AB637 /* Products */,
			);
			sourceTree = "<group>";
		};
		FBB092512D848266006AB637 /* Products */ = {
			isa = PBXGroup;
			children = (
				FBB092502D848266006AB637 /* mvvm.app */,
			);
			name = Products;
			sourceTree = "<group>";
		};
		FBB092522D848266006AB637 /* mvvm */ = {
			isa = PBXGroup;
			children = (
				FBB7B57E2D8B1BE80002286F /* pantallas */,
				FBB092622D84833F006AB637 /* vistas_modelos */,
				FBB092612D84832A006AB637 /* modelos */,
				FBB092552D848267006AB637 /* ContentView.swift */,
				FBB092572D848267006AB637 /* Assets.xcassets */,
				FBB092592D848267006AB637 /* Preview Content */,
				FBB092672D848CA4006AB637 /* primera_pantalla.swift */,
			);
			path = mvvm;
			sourceTree = "<group>";
		};
		FBB092592D848267006AB637 /* Preview Content */ = {
			isa = PBXGroup;
			children = (
				FBB0925A2D848267006AB637 /* Preview Assets.xcassets */,
			);
			path = "Preview Content";
			sourceTree = "<group>";
		};
		FBB092612D84832A006AB637 /* modelos */ = {
			isa = PBXGroup;
			children = (
				FBB092632D8483D6006AB637 /* serie_informacion.swift */,
			);
			path = modelos;
			sourceTree = "<group>";
		};
		FBB092622D84833F006AB637 /* vistas_modelos */ = {
			isa = PBXGroup;
			children = (
				FBB092652D848B19006AB637 /* vista_modelo_basico.swift */,
				FBB7B5812D8B2AE60002286F /* estados_de_la_aplicacion.swift */,
			);
			path = vistas_modelos;
			sourceTree = "<group>";
		};
		FBB7B57E2D8B1BE80002286F /* pantallas */ = {
			isa = PBXGroup;
			children = (
				FBB7B57F2D8B1C030002286F /* agregar_serie.swift */,
			);
			path = pantallas;
			sourceTree = "<group>";
		};
/* End PBXGroup section */

/* Begin PBXNativeTarget section */
		FBB0924F2D848266006AB637 /* mvvm */ = {
			isa = PBXNativeTarget;
			buildConfigurationList = FBB0925E2D848267006AB637 /* Build configuration list for PBXNativeTarget "mvvm" */;
			buildPhases = (
				FBB0924C2D848266006AB637 /* Sources */,
				FBB0924D2D848266006AB637 /* Frameworks */,
				FBB0924E2D848266006AB637 /* Resources */,
			);
			buildRules = (
			);
			dependencies = (
			);
			name = mvvm;
			productName = mvvm;
			productReference = FBB092502D848266006AB637 /* mvvm.app */;
			productType = "com.apple.product-type.application";
		};
/* End PBXNativeTarget section */

/* Begin PBXProject section */
		FBB092482D848266006AB637 /* Project object */ = {
			isa = PBXProject;
			attributes = {
				BuildIndependentTargetsInParallel = 1;
				LastSwiftUpdateCheck = 1540;
				LastUpgradeCheck = 1540;
				TargetAttributes = {
					FBB0924F2D848266006AB637 = {
						CreatedOnToolsVersion = 15.4;
					};
				};
			};
			buildConfigurationList = FBB0924B2D848266006AB637 /* Build configuration list for PBXProject "mvvm" */;
			compatibilityVersion = "Xcode 14.0";
			developmentRegion = en;
			hasScannedForEncodings = 0;
			knownRegions = (
				en,
				Base,
			);
			mainGroup = FBB092472D848266006AB637;
			productRefGroup = FBB092512D848266006AB637 /* Products */;
			projectDirPath = "";
			projectRoot = "";
			targets = (
				FBB0924F2D848266006AB637 /* mvvm */,
			);
		};
/* End PBXProject section */

/* Begin PBXResourcesBuildPhase section */
		FBB0924E2D848266006AB637 /* Resources */ = {
			isa = PBXResourcesBuildPhase;
			buildActionMask = 2147483647;
			files = (
				FBB0925B2D848267006AB637 /* Preview Assets.xcassets in Resources */,
				FBB092582D848267006AB637 /* Assets.xcassets in Resources */,
			);
			runOnlyForDeploymentPostprocessing = 0;
		};
/* End PBXResourcesBuildPhase section */

/* Begin PBXSourcesBuildPhase section */
		FBB0924C2D848266006AB637 /* Sources */ = {
			isa = PBXSourcesBuildPhase;
			buildActionMask = 2147483647;
			files = (
				FBB092562D848267006AB637 /* ContentView.swift in Sources */,
				FBB092662D848B19006AB637 /* vista_modelo_basico.swift in Sources */,
				FBB7B5822D8B2AE60002286F /* estados_de_la_aplicacion.swift in Sources */,
				FBB092642D8483D6006AB637 /* serie_informacion.swift in Sources */,
				FBB092682D848CA4006AB637 /* primera_pantalla.swift in Sources */,
				FBB7B5802D8B1C030002286F /* agregar_serie.swift in Sources */,
			);
			runOnlyForDeploymentPostprocessing = 0;
		};
/* End PBXSourcesBuildPhase section */

/* Begin XCBuildConfiguration section */
		FBB0925C2D848267006AB637 /* Debug */ = {
			isa = XCBuildConfiguration;
			buildSettings = {
				ALWAYS_SEARCH_USER_PATHS = NO;
				ASSETCATALOG_COMPILER_GENERATE_SWIFT_ASSET_SYMBOL_EXTENSIONS = YES;
				CLANG_ANALYZER_NONNULL = YES;
				CLANG_ANALYZER_NUMBER_OBJECT_CONVERSION = YES_AGGRESSIVE;
				CLANG_CXX_LANGUAGE_STANDARD = "gnu++20";
				CLANG_ENABLE_MODULES = YES;
				CLANG_ENABLE_OBJC_ARC = YES;
				CLANG_ENABLE_OBJC_WEAK = YES;
				CLANG_WARN_BLOCK_CAPTURE_AUTORELEASING = YES;
				CLANG_WARN_BOOL_CONVERSION = YES;
				CLANG_WARN_COMMA = YES;
				CLANG_WARN_CONSTANT_CONVERSION = YES;
				CLANG_WARN_DEPRECATED_OBJC_IMPLEMENTATIONS = YES;
				CLANG_WARN_DIRECT_OBJC_ISA_USAGE = YES_ERROR;
				CLANG_WARN_DOCUMENTATION_COMMENTS = YES;
				CLANG_WARN_EMPTY_BODY = YES;
				CLANG_WARN_ENUM_CONVERSION = YES;
				CLANG_WARN_INFINITE_RECURSION = YES;
				CLANG_WARN_INT_CONVERSION = YES;
				CLANG_WARN_NON_LITERAL_NULL_CONVERSION = YES;
				CLANG_WARN_OBJC_IMPLICIT_RETAIN_SELF = YES;
				CLANG_WARN_OBJC_LITERAL_CONVERSION = YES;
				CLANG_WARN_OBJC_ROOT_CLASS = YES_ERROR;
				CLANG_WARN_QUOTED_INCLUDE_IN_FRAMEWORK_HEADER = YES;
				CLANG_WARN_RANGE_LOOP_ANALYSIS = YES;
				CLANG_WARN_STRICT_PROTOTYPES = YES;
				CLANG_WARN_SUSPICIOUS_MOVE = YES;
				CLANG_WARN_UNGUARDED_AVAILABILITY = YES_AGGRESSIVE;
				CLANG_WARN_UNREACHABLE_CODE = YES;
				CLANG_WARN__DUPLICATE_METHOD_MATCH = YES;
				COPY_PHASE_STRIP = NO;
				DEBUG_INFORMATION_FORMAT = dwarf;
				ENABLE_STRICT_OBJC_MSGSEND = YES;
				ENABLE_TESTABILITY = YES;
				ENABLE_USER_SCRIPT_SANDBOXING = YES;
				GCC_C_LANGUAGE_STANDARD = gnu17;
				GCC_DYNAMIC_NO_PIC = NO;
				GCC_NO_COMMON_BLOCKS = YES;
				GCC_OPTIMIZATION_LEVEL = 0;
				GCC_PREPROCESSOR_DEFINITIONS = (
					"DEBUG=1",
					"$(inherited)",
				);
				GCC_WARN_64_TO_32_BIT_CONVERSION = YES;
				GCC_WARN_ABOUT_RETURN_TYPE = YES_ERROR;
				GCC_WARN_UNDECLARED_SELECTOR = YES;
				GCC_WARN_UNINITIALIZED_AUTOS = YES_AGGRESSIVE;
				GCC_WARN_UNUSED_FUNCTION = YES;
				GCC_WARN_UNUSED_VARIABLE = YES;
				IPHONEOS_DEPLOYMENT_TARGET = 17.5;
				LOCALIZATION_PREFERS_STRING_CATALOGS = YES;
				MTL_ENABLE_DEBUG_INFO = INCLUDE_SOURCE;
				MTL_FAST_MATH = YES;
				ONLY_ACTIVE_ARCH = YES;
				SDKROOT = iphoneos;
				SWIFT_ACTIVE_COMPILATION_CONDITIONS = "DEBUG $(inherited)";
				SWIFT_OPTIMIZATION_LEVEL = "-Onone";
			};
			name = Debug;
		};
		FBB0925D2D848267006AB637 /* Release */ = {
			isa = XCBuildConfiguration;
			buildSettings = {
				ALWAYS_SEARCH_USER_PATHS = NO;
				ASSETCATALOG_COMPILER_GENERATE_SWIFT_ASSET_SYMBOL_EXTENSIONS = YES;
				CLANG_ANALYZER_NONNULL = YES;
				CLANG_ANALYZER_NUMBER_OBJECT_CONVERSION = YES_AGGRESSIVE;
				CLANG_CXX_LANGUAGE_STANDARD = "gnu++20";
				CLANG_ENABLE_MODULES = YES;
				CLANG_ENABLE_OBJC_ARC = YES;
				CLANG_ENABLE_OBJC_WEAK = YES;
				CLANG_WARN_BLOCK_CAPTURE_AUTORELEASING = YES;
				CLANG_WARN_BOOL_CONVERSION = YES;
				CLANG_WARN_COMMA = YES;
				CLANG_WARN_CONSTANT_CONVERSION = YES;
				CLANG_WARN_DEPRECATED_OBJC_IMPLEMENTATIONS = YES;
				CLANG_WARN_DIRECT_OBJC_ISA_USAGE = YES_ERROR;
				CLANG_WARN_DOCUMENTATION_COMMENTS = YES;
				CLANG_WARN_EMPTY_BODY = YES;
				CLANG_WARN_ENUM_CONVERSION = YES;
				CLANG_WARN_INFINITE_RECURSION = YES;
				CLANG_WARN_INT_CONVERSION = YES;
				CLANG_WARN_NON_LITERAL_NULL_CONVERSION = YES;
				CLANG_WARN_OBJC_IMPLICIT_RETAIN_SELF = YES;
				CLANG_WARN_OBJC_LITERAL_CONVERSION = YES;
				CLANG_WARN_OBJC_ROOT_CLASS = YES_ERROR;
				CLANG_WARN_QUOTED_INCLUDE_IN_FRAMEWORK_HEADER = YES;
				CLANG_WARN_RANGE_LOOP_ANALYSIS = YES;
				CLANG_WARN_STRICT_PROTOTYPES = YES;
				CLANG_WARN_SUSPICIOUS_MOVE = YES;
				CLANG_WARN_UNGUARDED_AVAILABILITY = YES_AGGRESSIVE;
				CLANG_WARN_UNREACHABLE_CODE = YES;
				CLANG_WARN__DUPLICATE_METHOD_MATCH = YES;
				COPY_PHASE_STRIP = NO;
				DEBUG_INFORMATION_FORMAT = "dwarf-with-dsym";
				ENABLE_NS_ASSERTIONS = NO;
				ENABLE_STRICT_OBJC_MSGSEND = YES;
				ENABLE_USER_SCRIPT_SANDBOXING = YES;
				GCC_C_LANGUAGE_STANDARD = gnu17;
				GCC_NO_COMMON_BLOCKS = YES;
				GCC_WARN_64_TO_32_BIT_CONVERSION = YES;
				GCC_WARN_ABOUT_RETURN_TYPE = YES_ERROR;
				GCC_WARN_UNDECLARED_SELECTOR = YES;
				GCC_WARN_UNINITIALIZED_AUTOS = YES_AGGRESSIVE;
				GCC_WARN_UNUSED_FUNCTION = YES;
				GCC_WARN_UNUSED_VARIABLE = YES;
				IPHONEOS_DEPLOYMENT_TARGET = 17.5;
				LOCALIZATION_PREFERS_STRING_CATALOGS = YES;
				MTL_ENABLE_DEBUG_INFO = NO;
				MTL_FAST_MATH = YES;
				SDKROOT = iphoneos;
				SWIFT_COMPILATION_MODE = wholemodule;
				VALIDATE_PRODUCT = YES;
			};
			name = Release;
		};
		FBB0925F2D848267006AB637 /* Debug */ = {
			isa = XCBuildConfiguration;
			buildSettings = {
				ASSETCATALOG_COMPILER_APPICON_NAME = AppIcon;
				ASSETCATALOG_COMPILER_GLOBAL_ACCENT_COLOR_NAME = AccentColor;
				CODE_SIGN_STYLE = Automatic;
				CURRENT_PROJECT_VERSION = 1;
				DEVELOPMENT_ASSET_PATHS = "\"mvvm/Preview Content\"";
				ENABLE_PREVIEWS = YES;
				GENERATE_INFOPLIST_FILE = YES;
				INFOPLIST_KEY_UIApplicationSceneManifest_Generation = YES;
				INFOPLIST_KEY_UIApplicationSupportsIndirectInputEvents = YES;
				INFOPLIST_KEY_UILaunchScreen_Generation = YES;
				INFOPLIST_KEY_UISupportedInterfaceOrientations_iPad = "UIInterfaceOrientationPortrait UIInterfaceOrientationPortraitUpsideDown UIInterfaceOrientationLandscapeLeft UIInterfaceOrientationLandscapeRight";
				INFOPLIST_KEY_UISupportedInterfaceOrientations_iPhone = "UIInterfaceOrientationPortrait UIInterfaceOrientationLandscapeLeft UIInterfaceOrientationLandscapeRight";
				LD_RUNPATH_SEARCH_PATHS = (
					"$(inherited)",
					"@executable_path/Frameworks",
				);
				MARKETING_VERSION = 1.0;
				PRODUCT_BUNDLE_IDENTIFIER = Bocetos.mvvm;
				PRODUCT_NAME = "$(TARGET_NAME)";
				SWIFT_EMIT_LOC_STRINGS = YES;
				SWIFT_VERSION = 5.0;
				TARGETED_DEVICE_FAMILY = "1,2";
			};
			name = Debug;
		};
		FBB092602D848267006AB637 /* Release */ = {
			isa = XCBuildConfiguration;
			buildSettings = {
				ASSETCATALOG_COMPILER_APPICON_NAME = AppIcon;
				ASSETCATALOG_COMPILER_GLOBAL_ACCENT_COLOR_NAME = AccentColor;
				CODE_SIGN_STYLE = Automatic;
				CURRENT_PROJECT_VERSION = 1;
				DEVELOPMENT_ASSET_PATHS = "\"mvvm/Preview Content\"";
				ENABLE_PREVIEWS = YES;
				GENERATE_INFOPLIST_FILE = YES;
				INFOPLIST_KEY_UIApplicationSceneManifest_Generation = YES;
				INFOPLIST_KEY_UIApplicationSupportsIndirectInputEvents = YES;
				INFOPLIST_KEY_UILaunchScreen_Generation = YES;
				INFOPLIST_KEY_UISupportedInterfaceOrientations_iPad = "UIInterfaceOrientationPortrait UIInterfaceOrientationPortraitUpsideDown UIInterfaceOrientationLandscapeLeft UIInterfaceOrientationLandscapeRight";
				INFOPLIST_KEY_UISupportedInterfaceOrientations_iPhone = "UIInterfaceOrientationPortrait UIInterfaceOrientationLandscapeLeft UIInterfaceOrientationLandscapeRight";
				LD_RUNPATH_SEARCH_PATHS = (
					"$(inherited)",
					"@executable_path/Frameworks",
				);
				MARKETING_VERSION = 1.0;
				PRODUCT_BUNDLE_IDENTIFIER = Bocetos.mvvm;
				PRODUCT_NAME = "$(TARGET_NAME)";
				SWIFT_EMIT_LOC_STRINGS = YES;
				SWIFT_VERSION = 5.0;
				TARGETED_DEVICE_FAMILY = "1,2";
			};
			name = Release;
		};
/* End XCBuildConfiguration section */

/* Begin XCConfigurationList section */
		FBB0924B2D848266006AB637 /* Build configuration list for PBXProject "mvvm" */ = {
			isa = XCConfigurationList;
			buildConfigurations = (
				FBB0925C2D848267006AB637 /* Debug */,
				FBB0925D2D848267006AB637 /* Release */,
			);
			defaultConfigurationIsVisible = 0;
			defaultConfigurationName = Release;
		};
		FBB0925E2D848267006AB637 /* Build configuration list for PBXNativeTarget "mvvm" */ = {
			isa = XCConfigurationList;
			buildConfigurations = (
				FBB0925F2D848267006AB637 /* Debug */,
				FBB092602D848267006AB637 /* Release */,
			);
			defaultConfigurationIsVisible = 0;
			defaultConfigurationName = Release;
		};
/* End XCConfigurationList section */
	};
	rootObject = FBB092482D848266006AB637 /* Project object */;
}
